{
  "version": 4,
  "terraform_version": "1.16.3",
  "serial": 19,
  "lineage": "f34424e6-2f20-3b10-e415-9a00d2a22ba1",
  "outputs": {},
  "resources": [
    {
      "mode": "data",
      "type": "google_project",
      "name": "current",
      "provider": "provider[\"registry.terraform.io/hashicorp/google\"]",
      "instances": [
        {
          "schema_version": 0,
          "attributes": {
            "auto_create_network": null,
            "billing_account": "01B9F4-185DE3-B7906E",
            "deletion_policy": "PREVENT",
            "effective_labels": {},
            "folder_id": null,
            "id": "projects/my-hono-app-v2",
            "labels": {},
            "name": "my-hono-app-v2",
            "number": "587456502513",
            "org_id": null,
            "project_id": "my-hono-app-v2",
            "tags": null,
            "terraform_labels": {}
          },
          "sensitive_attributes": [],
          "identity_schema_version": 0
        }
      ]
    },
    {
      "mode": "managed",
      "type": "google_artifact_registry_repository",
      "name": "todo_api",
      "provider": "provider[\"registry.terraform.io/hashicorp/google\"]",
      "instances": [
        {
          "schema_version": 0,
          "attributes": {
            "cleanup_policies": [],
            "cleanup_policy_dry_run": false,
            "create_time": "2026-09-22T13:40:02.332453Z",
            "description": "todo-api docker images",
            "docker_config": [],
            "effective_labels": {},
            "format": "DOCKER",
            "id": "projects/my-hono-app-v2/locations/asia-northeast1/repositories/todo-api-repo",
            "kms_key_name": "",
            "labels": {},
            "location": "asia-northeast1",
            "maven_config": [],
            "mode": "STANDARD_REPOSITORY",
            "name": "todo-api-repo",
            "project": "my-hono-app-v2",
            "remote_repository_config": [],
            "repository_id": "todo-api-repo",
            "terraform_labels": {},
            "timeouts": null,
            "update_time": "2026-09-23T13:19:40.515928Z",
            "virtual_repository_config": [],
            "vulnerability_scanning_config": [
              {
                "enablement_config": "",
                "enablement_state": "SCANNING_DISABLED",
                "enablement_state_reason": "API containerscanning.googleapis.com is not enabled."
              }
            ]
          },
          "sensitive_attributes": [],
          "identity_schema_version": 0,
          "private": "eyJlMmJmYjczMC1lY2FhLTExZTYtOGY4OC0zNDM2M2JjN2M0YzAiOnsiY3JlYXRlIjoxMjAwMDAwMDAwMDAwLCJkZWxldGUiOjEyMDAwMDAwMDAwMDAsInVwZGF0ZSI6MTIwMDAwMDAwMDAwMH0sInNjaGVtYV92ZXJzaW9uIjoiMCJ9"
        }
      ]
    },
    {
      "mode": "managed",
      "type": "google_bigquery_dataset",
      "name": "todo_api_logs",
      "provider": "provider[\"registry.terraform.io/hashicorp/google\"]",
      "instances": [
        {
          "schema_version": 0,
          "attributes": {
            "access": [
              {
                "condition": [],
                "dataset": [],
                "domain": "",
                "group_by_email": "",
                "iam_member": "",
                "role": "OWNER",
                "routine": [],
                "special_group": "",
                "user_by_email": "yukisnow.ni2@gmail.com",
                "view": []
              },
              {
                "condition": [],
                "dataset": [],
                "domain": "",
                "group_by_email": "",
                "iam_member": "",
                "role": "OWNER",
                "routine": [],
                "special_group": "projectOwners",
                "user_by_email": "",
                "view": []
              },
              {
                "condition": [],
                "dataset": [],
                "domain": "",
                "group_by_email": "",
                "iam_member": "",
                "role": "READER",
                "routine": [],
                "special_group": "projectReaders",
                "user_by_email": "",
                "view": []
              },
              {
                "condition": [],
                "dataset": [],
                "domain": "",
                "group_by_email": "",
                "iam_member": "",
                "role": "WRITER",
                "routine": [],
                "special_group": "",
                "user_by_email": "service-587456502513@gcp-sa-logging.iam.gserviceaccount.com",
                "view": []
              },
              {
                "condition": [],
                "dataset": [],
                "domain": "",
                "group_by_email": "",
                "iam_member": "",
                "role": "WRITER",
                "routine": [],
                "special_group": "projectWriters",
                "user_by_email": "",
                "view": []
              }
            ],
            "creation_time": 1790170198243,
            "dataset_id": "todo_api_logs",
            "default_collation": "",
            "default_encryption_configuration": [],
            "default_partition_expiration_ms": 0,
            "default_table_expiration_ms": 7776000000,
            "delete_contents_on_destroy": false,
            "description": "todo-api縺ｮ謫堺ｽ懊Ο繧ｰ(Cloud Logging縺九ｉ縺ｮ繧ｷ繝ｳ繧ｯ蜈・",
            "effective_labels": {
              "goog-terraform-provisioned": "true"
            },
            "etag": "fL2adXI9q5sJ9GVzqF2lCw==",
            "external_catalog_dataset_options": [],
            "external_dataset_reference": [],
            "friendly_name": "",
            "id": "projects/my-hono-app-v2/datasets/todo_api_logs",
            "is_case_insensitive": false,
            "labels": {},
            "last_modified_time": 1790170207311,
            "location": "asia-northeast1",
            "max_time_travel_hours": "168",
            "project": "my-hono-app-v2",
            "resource_tags": {},
            "self_link": "https://bigquery.googleapis.com/bigquery/v2/projects/my-hono-app-v2/datasets/todo_api_logs",
            "storage_billing_model": "",
            "terraform_labels": {
              "goog-terraform-provisioned": "true"
            },
            "timeouts": null
          },
          "sensitive_attributes": [],
          "identity_schema_version": 0,
          "private": "eyJlMmJmYjczMC1lY2FhLTExZTYtOGY4OC0zNDM2M2JjN2M0YzAiOnsiY3JlYXRlIjoxMjAwMDAwMDAwMDAwLCJkZWxldGUiOjEyMDAwMDAwMDAwMDAsInVwZGF0ZSI6MTIwMDAwMDAwMDAwMH19"
        }
      ]
    },
    {
      "mode": "managed",
      "type": "google_bigquery_dataset_iam_member",
      "name": "sink_writer",
      "provider": "provider[\"registry.terraform.io/hashicorp/google\"]",
      "instances": [
        {
          "schema_version": 0,
          "attributes": {
            "condition": [],
            "dataset_id": "todo_api_logs",
            "etag": "",
            "id": "projects/my-hono-app-v2/datasets/todo_api_logs/roles/bigquery.dataEditor/serviceAccount:service-587456502513@gcp-sa-logging.iam.gserviceaccount.com",
            "member": "serviceAccount:service-587456502513@gcp-sa-logging.iam.gserviceaccount.com",
            "project": "my-hono-app-v2",
            "role": "roles/bigquery.dataEditor"
          },
          "sensitive_attributes": [],
          "identity_schema_version": 0,
          "private": "bnVsbA==",
          "dependencies": [
            "google_bigquery_dataset.todo_api_logs",
            "google_logging_project_sink.todo_operations"
          ]
        }
      ]
    },
    {
      "mode": "managed",
      "type": "google_logging_project_sink",
      "name": "todo_operations",
      "provider": "provider[\"registry.terraform.io/hashicorp/google\"]",
      "instances": [
        {
          "schema_version": 0,
          "attributes": {
            "bigquery_options": [
              {
                "use_partitioned_tables": true
              }
            ],
            "custom_writer_identity": null,
            "description": "",
            "destination": "bigquery.googleapis.com/projects/my-hono-app-v2/datasets/todo_api_logs",
            "disabled": false,
            "exclusions": [],
            "filter": "resource.type=\"cloud_run_revision\" AND resource.labels.service_name=\"todo-api\" AND jsonPayload.event=\"todo_operation\"",
            "id": "projects/my-hono-app-v2/sinks/todo-operations-to-bigquery",
            "name": "todo-operations-to-bigquery",
            "project": "my-hono-app-v2",
            "unique_writer_identity": true,
            "writer_identity": "serviceAccount:service-587456502513@gcp-sa-logging.iam.gserviceaccount.com"
          },
          "sensitive_attributes": [],
          "identity_schema_version": 0,
          "private": "bnVsbA==",
          "dependencies": [
            "google_bigquery_dataset.todo_api_logs"
          ]
        }
      ]
    },
    {
      "mode": "managed",
      "type": "google_monitoring_alert_policy",
      "name": "todo_api_down",
      "provider": "provider[\"registry.terraform.io/hashicorp/google\"]",
      "instances": [
        {
          "schema_version": 0,
          "attributes": {
            "alert_strategy": [
              {
                "auto_close": "1800s",
                "notification_channel_strategy": [],
                "notification_prompts": [],
                "notification_rate_limit": []
              }
            ],
            "combiner": "OR",
            "conditions": [
              {
                "condition_absent": [],
                "condition_matched_log": [],
                "condition_monitoring_query_language": [],
                "condition_prometheus_query_language": [],
                "condition_sql": [],
                "condition_threshold": [
                  {
                    "aggregations": [
                      {
                        "alignment_period": "60s",
                        "cross_series_reducer": "REDUCE_MEAN",
                        "group_by_fields": [
                          "resource.label.host"
                        ],
                        "per_series_aligner": "ALIGN_FRACTION_TRUE"
                      }
                    ],
                    "comparison": "COMPARISON_LT",
                    "denominator_aggregations": [],
                    "denominator_filter": "",
                    "duration": "60s",
                    "evaluation_missing_data": "",
                    "filter": "resource.type=\"uptime_url\" AND metric.type=\"monitoring.googleapis.com/uptime_check/check_passed\" AND metric.label.check_id=\"todo-api-uptime-check-7Zk--ODVOAw\"",
                    "forecast_options": [],
                    "threshold_value": 1,
                    "trigger": []
                  }
                ],
                "display_name": "Uptime check failed",
                "name": "projects/my-hono-app-v2/alertPolicies/11374505079537165824/conditions/11374505079537168017"
              }
            ],
            "creation_record": [
              {
                "mutate_time": "2026-09-23T12:32:51.347306646Z",
                "mutated_by": "yukisnow.ni2@gmail.com"
              }
            ],
            "display_name": "todo-api is down",
            "documentation": [],
            "enabled": true,
            "id": "projects/my-hono-app-v2/alertPolicies/11374505079537165824",
            "name": "projects/my-hono-app-v2/alertPolicies/11374505079537165824",
            "notification_channels": [
              "projects/my-hono-app-v2/notificationChannels/6808843370841945805"
            ],
            "project": "my-hono-app-v2",
            "severity": "",
            "timeouts": null,
            "user_labels": {}
          },
          "sensitive_attributes": [],
          "identity_schema_version": 0,
          "private": "eyJlMmJmYjczMC1lY2FhLTExZTYtOGY4OC0zNDM2M2JjN2M0YzAiOnsiY3JlYXRlIjoxMjAwMDAwMDAwMDAwLCJkZWxldGUiOjEyMDAwMDAwMDAwMDAsInVwZGF0ZSI6MTIwMDAwMDAwMDAwMH19"
        }
      ]
    },
    {
      "mode": "managed",
      "type": "google_monitoring_notification_channel",
      "name": "email",
      "provider": "provider[\"registry.terraform.io/hashicorp/google\"]",
      "instances": [
        {
          "schema_version": 0,
          "attributes": {
            "description": "",
            "display_name": "todo-api Alert Email",
            "enabled": true,
            "force_delete": false,
            "id": "projects/my-hono-app-v2/notificationChannels/6808843370841945805",
            "labels": {
              "email_address": "yukisnow.ni2@gmail.com"
            },
            "name": "projects/my-hono-app-v2/notificationChannels/6808843370841945805",
            "project": "my-hono-app-v2",
            "sensitive_labels": [],
            "timeouts": null,
            "type": "email",
            "user_labels": {},
            "verification_status": ""
          },
          "sensitive_attributes": [],
          "identity_schema_version": 0,
          "private": "eyJlMmJmYjczMC1lY2FhLTExZTYtOGY4OC0zNDM2M2JjN2M0YzAiOnsiY3JlYXRlIjoxMjAwMDAwMDAwMDAwLCJkZWxldGUiOjEyMDAwMDAwMDAwMDAsInVwZGF0ZSI6MTIwMDAwMDAwMDAwMH19"
        }
      ]
    },
    {
      "mode": "managed",
      "type": "google_monitoring_uptime_check_config",
      "name": "todo_api",
      "provider": "provider[\"registry.terraform.io/hashicorp/google\"]",
      "instances": [
        {
          "schema_version": 0,
          "attributes": {
            "checker_type": "STATIC_IP_CHECKERS",
            "content_matchers": [],
            "display_name": "todo-api uptime check",
            "http_check": [
              {
                "accepted_response_status_codes": [],
                "auth_info": [],
                "body": "",
                "content_type": "",
                "custom_content_type": "",
                "headers": {},
                "mask_headers": false,
                "path": "/api/todos",
                "ping_config": [],
                "port": 443,
                "request_method": "GET",
                "service_agent_authentication": [],
                "use_ssl": true,
                "validate_ssl": true
              }
            ],
            "id": "projects/my-hono-app-v2/uptimeCheckConfigs/todo-api-uptime-check-7Zk--ODVOAw",
            "log_check_failures": false,
            "monitored_resource": [
              {
                "labels": {
                  "host": "todo-api-rwucbclema-an.a.run.app",
                  "project_id": "my-hono-app-v2"
                },
                "type": "uptime_url"
              }
            ],
            "name": "projects/my-hono-app-v2/uptimeCheckConfigs/todo-api-uptime-check-7Zk--ODVOAw",
            "period": "60s",
            "project": "my-hono-app-v2",
            "resource_group": [],
            "selected_regions": [],
            "synthetic_monitor": [],
            "tcp_check": [],
            "timeout": "10s",
            "timeouts": null,
            "uptime_check_id": "todo-api-uptime-check-7Zk--ODVOAw",
            "user_labels": {}
          },
          "sensitive_attributes": [],
          "identity_schema_version": 0,
          "private": "eyJlMmJmYjczMC1lY2FhLTExZTYtOGY4OC0zNDM2M2JjN2M0YzAiOnsiY3JlYXRlIjoxMjAwMDAwMDAwMDAwLCJkZWxldGUiOjEyMDAwMDAwMDAwMDAsInVwZGF0ZSI6MTIwMDAwMDAwMDAwMH19"
        }
      ]
    },
    {
      "mode": "managed",
      "type": "google_project_iam_member",
      "name": "deployer_artifact_writer",
      "provider": "provider[\"registry.terraform.io/hashicorp/google\"]",
      "instances": [
        {
          "schema_version": 0,
          "attributes": {
            "condition": [],
            "etag": "BwZcJnsO8gI=",
            "id": "my-hono-app-v2/roles/artifactregistry.writer/serviceAccount:github-deployer@my-hono-app-v2.iam.gserviceaccount.com",
            "member": "serviceAccount:github-deployer@my-hono-app-v2.iam.gserviceaccount.com",
            "project": "my-hono-app-v2",
            "role": "roles/artifactregistry.writer"
          },
          "sensitive_attributes": [],
          "identity_schema_version": 0,
          "private": "bnVsbA==",
          "dependencies": [
            "google_service_account.github_deployer"
          ]
        }
      ]
    },
    {
      "mode": "managed",
      "type": "google_project_iam_member",
      "name": "deployer_run_admin",
      "provider": "provider[\"registry.terraform.io/hashicorp/google\"]",
      "instances": [
        {
          "schema_version": 0,
          "attributes": {
            "condition": [],
            "etag": "BwZcJnsO8gI=",
            "id": "my-hono-app-v2/roles/run.admin/serviceAccount:github-deployer@my-hono-app-v2.iam.gserviceaccount.com",
            "member": "serviceAccount:github-deployer@my-hono-app-v2.iam.gserviceaccount.com",
            "project": "my-hono-app-v2",
            "role": "roles/run.admin"
          },
          "sensitive_attributes": [],
          "identity_schema_version": 0,
          "private": "bnVsbA==",
          "dependencies": [
            "google_service_account.github_deployer"
          ]
        }
      ]
    },
    {
      "mode": "managed",
      "type": "google_project_iam_member",
      "name": "deployer_sa_user",
      "provider": "provider[\"registry.terraform.io/hashicorp/google\"]",
      "instances": [
        {
          "schema_version": 0,
          "attributes": {
            "condition": [],
            "etag": "BwZcJnsO8gI=",
            "id": "my-hono-app-v2/roles/iam.serviceAccountUser/serviceAccount:github-deployer@my-hono-app-v2.iam.gserviceaccount.com",
            "member": "serviceAccount:github-deployer@my-hono-app-v2.iam.gserviceaccount.com",
            "project": "my-hono-app-v2",
            "role": "roles/iam.serviceAccountUser"
          },
          "sensitive_attributes": [],
          "identity_schema_version": 0,
          "private": "bnVsbA==",
          "dependencies": [
            "google_service_account.github_deployer"
          ]
        }
      ]
    },
    {
      "mode": "managed",
      "type": "google_service_account",
      "name": "github_deployer",
      "provider": "provider[\"registry.terraform.io/hashicorp/google\"]",
      "instances": [
        {
          "schema_version": 0,
          "attributes": {
            "account_id": "github-deployer",
            "create_ignore_already_exists": null,
            "description": "",
            "disabled": false,
            "display_name": "GitHub Actions Deployer",
            "email": "github-deployer@my-hono-app-v2.iam.gserviceaccount.com",
            "id": "projects/my-hono-app-v2/serviceAccounts/github-deployer@my-hono-app-v2.iam.gserviceaccount.com",
            "member": "serviceAccount:github-deployer@my-hono-app-v2.iam.gserviceaccount.com",
            "name": "projects/my-hono-app-v2/serviceAccounts/github-deployer@my-hono-app-v2.iam.gserviceaccount.com",
            "project": "my-hono-app-v2",
            "timeouts": null,
            "unique_id": "103327158624476333547"
          },
          "sensitive_attributes": [],
          "identity_schema_version": 0,
          "private": "eyJlMmJmYjczMC1lY2FhLTExZTYtOGY4OC0zNDM2M2JjN2M0YzAiOnsiY3JlYXRlIjozMDAwMDAwMDAwMDB9LCJzY2hlbWFfdmVyc2lvbiI6IjAifQ=="
        }
      ]
    },
    {
      "module": "module.todo_api",
      "mode": "managed",
      "type": "google_cloud_run_service_iam_member",
      "name": "public_access",
      "provider": "provider[\"registry.terraform.io/hashicorp/google\"]",
      "instances": [
        {
          "schema_version": 0,
          "attributes": {
            "condition": [],
            "etag": "BwZcJlZyHqA=",
            "id": "v1/projects/my-hono-app-v2/locations/asia-northeast1/services/todo-api/roles/run.invoker/allUsers",
            "location": "asia-northeast1",
            "member": "allUsers",
            "project": "my-hono-app-v2",
            "role": "roles/run.invoker",
            "service": "v1/projects/my-hono-app-v2/locations/asia-northeast1/services/todo-api"
          },
          "sensitive_attributes": [],
          "identity_schema_version": 0,
          "private": "eyJzY2hlbWFfdmVyc2lvbiI6IjAifQ=="
        }
      ]
    },
    {
      "module": "module.todo_api",
      "mode": "managed",
      "type": "google_cloud_run_v2_service",
      "name": "todo_api",
      "provider": "provider[\"registry.terraform.io/hashicorp/google\"]",
      "instances": [
        {
          "schema_version": 0,
          "attributes": {
            "annotations": {},
            "binary_authorization": [],
            "build_config": [],
            "client": "",
            "client_version": "",
            "conditions": [
              {
                "execution_reason": "",
                "last_transition_time": "2026-09-23T13:19:54.004072Z",
                "message": "",
                "reason": "",
                "revision_reason": "",
                "severity": "",
                "state": "CONDITION_SUCCEEDED",
                "type": "RoutesReady"
              },
              {
                "execution_reason": "",
                "last_transition_time": "2026-09-23T13:19:48.559483Z",
                "message": "",
                "reason": "",
                "revision_reason": "",
                "severity": "",
                "state": "CONDITION_SUCCEEDED",
                "type": "ConfigurationsReady"
              }
            ],
            "create_time": "2026-09-22T13:40:52.023421Z",
            "creator": "yukisnow.ni2@gmail.com",
            "custom_audiences": [],
            "delete_time": "",
            "deletion_protection": true,
            "description": "",
            "effective_annotations": {},
            "effective_labels": {
              "redeploy-trigger": "20260923155542"
            },
            "etag": "\"CNWoz9UGEOCrgMID/cHJvamVjdHMvbXktaG9uby1hcHAtdjIvbG9jYXRpb25zL2FzaWEtbm9ydGhlYXN0MS9zZXJ2aWNlcy90b2RvLWFwaQ\"",
            "expire_time": "",
            "generation": "15",
            "id": "projects/my-hono-app-v2/locations/asia-northeast1/services/todo-api",
            "ingress": "INGRESS_TRAFFIC_ALL",
            "invoker_iam_disabled": false,
            "labels": {},
            "last_modifier": "yukisnow.ni2@gmail.com",
            "latest_created_revision": "projects/my-hono-app-v2/locations/asia-northeast1/services/todo-api/revisions/todo-api-00013-z67",
            "latest_ready_revision": "projects/my-hono-app-v2/locations/asia-northeast1/services/todo-api/revisions/todo-api-00013-z67",
            "launch_stage": "GA",
            "location": "asia-northeast1",
            "name": "todo-api",
            "observed_generation": "15",
            "project": "my-hono-app-v2",
            "reconciling": false,
            "scaling": [
              {
                "manual_instance_count": 0,
                "min_instance_count": 0,
                "scaling_mode": ""
              }
            ],
            "template": [
              {
                "annotations": {},
                "containers": [
                  {
                    "args": [],
                    "base_image_uri": "",
                    "build_info": [],
                    "command": [],
                    "depends_on": [],
                    "env": [
                      {
                        "name": "DB_NAME",
                        "value": "todoapp",
                        "value_source": []
                      },
                      {
                        "name": "DB_PASSWORD",
                        "value": "",
                        "value_source": [
                          {
                            "secret_key_ref": [
                              {
                                "secret": "todo-db-password",
                                "version": "latest"
                              }
                            ]
                          }
                        ]
                      },
                      {
                        "name": "DB_USER",
                        "value": "appuser",
                        "value_source": []
                      },
                      {
                        "name": "INSTANCE_CONNECTION_NAME",
                        "value": "my-hono-app-v2:asia-northeast1:todo-api-db",
                        "value_source": []
                      }
                    ],
                    "image": "asia-northeast1-docker.pkg.dev/my-hono-app-v2/todo-api-repo/todo-api:11244d43f94b77db6fbdc1402f4331ef742e36ba",
                    "liveness_probe": [],
                    "name": "",
                    "ports": [
                      {
                        "container_port": 8080,
                        "name": "http1"
                      }
                    ],
                    "resources": [
                      {
                        "cpu_idle": true,
                        "limits": {
                          "cpu": "1000m",
                          "memory": "512Mi"
                        },
                        "startup_cpu_boost": true
                      }
                    ],
                    "startup_probe": [
                      {
                        "failure_threshold": 1,
                        "grpc": [],
                        "http_get": [],
                        "initial_delay_seconds": 0,
                        "period_seconds": 240,
                        "tcp_socket": [
                          {
                            "port": 8080
                          }
                        ],
                        "timeout_seconds": 240
                      }
                    ],
                    "volume_mounts": [
                      {
                        "mount_path": "/cloudsql",
                        "name": "cloudsql"
                      }
                    ],
                    "working_dir": ""
                  }
                ],
                "encryption_key": "",
                "execution_environment": "",
                "gpu_zonal_redundancy_disabled": false,
                "labels": {},
                "max_instance_request_concurrency": 80,
                "node_selector": [],
                "revision": "",
                "scaling": [
                  {
                    "max_instance_count": 20,
                    "min_instance_count": 0
                  }
                ],
                "service_account": "587456502513-compute@developer.gserviceaccount.com",
                "session_affinity": false,
                "timeout": "300s",
                "volumes": [
                  {
                    "cloud_sql_instance": [
                      {
                        "instances": [
                          "my-hono-app-v2:asia-northeast1:todo-api-db"
                        ]
                      }
                    ],
                    "empty_dir": [],
                    "gcs": [],
                    "name": "cloudsql",
                    "nfs": [],
                    "secret": []
                  }
                ],
                "vpc_access": []
              }
            ],
            "terminal_condition": [
              {
                "execution_reason": "",
                "last_transition_time": "2026-09-23T13:19:54.038129Z",
                "message": "",
                "reason": "",
                "revision_reason": "",
                "severity": "",
                "state": "CONDITION_SUCCEEDED",
                "type": "Ready"
              }
            ],
            "terraform_labels": {},
            "timeouts": null,
            "traffic": [
              {
                "percent": 100,
                "revision": "",
                "tag": "",
                "type": "TRAFFIC_TARGET_ALLOCATION_TYPE_LATEST"
              }
            ],
            "traffic_statuses": [
              {
                "percent": 100,
                "revision": "",
                "tag": "",
                "type": "TRAFFIC_TARGET_ALLOCATION_TYPE_LATEST",
                "uri": ""
              }
            ],
            "uid": "937d63e4-6398-40aa-b97a-e7311900767e",
            "update_time": "2026-09-23T13:29:57.943724Z",
            "uri": "https://todo-api-rwucbclema-an.a.run.app",
            "urls": [
              "https://todo-api-587456502513.asia-northeast1.run.app",
              "https://todo-api-rwucbclema-an.a.run.app"
            ]
          },
          "sensitive_attributes": [],
          "identity_schema_version": 0,
          "private": "eyJlMmJmYjczMC1lY2FhLTExZTYtOGY4OC0zNDM2M2JjN2M0YzAiOnsiY3JlYXRlIjoxMjAwMDAwMDAwMDAwLCJkZWxldGUiOjEyMDAwMDAwMDAwMDAsInVwZGF0ZSI6MTIwMDAwMDAwMDAwMH19"
        }
      ]
    },
    {
      "module": "module.todo_api",
      "mode": "managed",
      "type": "google_project_iam_member",
      "name": "cloud_run_sql_client",
      "provider": "provider[\"registry.terraform.io/hashicorp/google\"]",
      "instances": [
        {
          "schema_version": 0,
          "attributes": {
            "condition": [],
            "etag": "BwZcJnsO8gI=",
            "id": "my-hono-app-v2/roles/cloudsql.client/serviceAccount:587456502513-compute@developer.gserviceaccount.com",
            "member": "serviceAccount:587456502513-compute@developer.gserviceaccount.com",
            "project": "my-hono-app-v2",
            "role": "roles/cloudsql.client"
          },
          "sensitive_attributes": [],
          "identity_schema_version": 0,
          "private": "bnVsbA==",
          "dependencies": [
            "data.google_project.current"
          ]
        }
      ]
    },
    {
      "module": "module.todo_api",
      "mode": "managed",
      "type": "google_project_iam_member",
      "name": "cloud_run_vertex_ai_user",
      "provider": "provider[\"registry.terraform.io/hashicorp/google\"]",
      "instances": [
        {
          "schema_version": 0,
          "attributes": {
            "condition": [],
            "etag": "BwZcJ0WSgnU=",
            "id": "my-hono-app-v2/roles/aiplatform.user/serviceAccount:587456502513-compute@developer.gserviceaccount.com",
            "member": "serviceAccount:587456502513-compute@developer.gserviceaccount.com",
            "project": "my-hono-app-v2",
            "role": "roles/aiplatform.user"
          },
          "sensitive_attributes": [],
          "identity_schema_version": 0,
          "private": "bnVsbA==",
          "dependencies": [
            "data.google_project.current"
          ]
        }
      ]
    },
    {
      "module": "module.todo_api",
      "mode": "managed",
      "type": "google_secret_manager_secret",
      "name": "todo_db_password",
      "provider": "provider[\"registry.terraform.io/hashicorp/google\"]",
      "instances": [
        {
          "schema_version": 0,
          "attributes": {
            "annotations": {},
            "create_time": "2026-09-22T15:25:33.407409Z",
            "deletion_protection": false,
            "effective_annotations": {},
            "effective_labels": {},
            "expire_time": "",
            "id": "projects/my-hono-app-v2/secrets/todo-db-password",
            "labels": {},
            "name": "projects/587456502513/secrets/todo-db-password",
            "project": "my-hono-app-v2",
            "replication": [
              {
                "auto": [
                  {
                    "customer_managed_encryption": []
                  }
                ],
                "user_managed": []
              }
            ],
            "rotation": [],
            "secret_id": "todo-db-password",
            "tags": null,
            "terraform_labels": {},
            "timeouts": null,
            "topics": [],
            "ttl": null,
            "version_aliases": {},
            "version_destroy_ttl": ""
          },
          "sensitive_attributes": [],
          "identity_schema_version": 0,
          "private": "eyJlMmJmYjczMC1lY2FhLTExZTYtOGY4OC0zNDM2M2JjN2M0YzAiOnsiY3JlYXRlIjoxMjAwMDAwMDAwMDAwLCJkZWxldGUiOjEyMDAwMDAwMDAwMDAsInVwZGF0ZSI6MTIwMDAwMDAwMDAwMH0sInNjaGVtYV92ZXJzaW9uIjoiMCJ9"
        }
      ]
    },
    {
      "module": "module.todo_api",
      "mode": "managed",
      "type": "google_secret_manager_secret_iam_member",
      "name": "cloud_run_secret_access",
      "provider": "provider[\"registry.terraform.io/hashicorp/google\"]",
      "instances": [
        {
          "schema_version": 0,
          "attributes": {
            "condition": [],
            "etag": "BwZcIC9sSp4=",
            "id": "projects/my-hono-app-v2/secrets/todo-db-password/roles/secretmanager.secretAccessor/serviceAccount:587456502513-compute@developer.gserviceaccount.com",
            "member": "serviceAccount:587456502513-compute@developer.gserviceaccount.com",
            "project": "my-hono-app-v2",
            "role": "roles/secretmanager.secretAccessor",
            "secret_id": "projects/my-hono-app-v2/secrets/todo-db-password"
          },
          "sensitive_attributes": [],
          "identity_schema_version": 0,
          "private": "bnVsbA=="
        }
      ]
    },
    {
      "module": "module.todo_api",
      "mode": "managed",
      "type": "google_sql_database",
      "name": "todoapp",
      "provider": "provider[\"registry.terraform.io/hashicorp/google\"]",
      "instances": [
        {
          "schema_version": 0,
          "attributes": {
            "charset": "UTF8",
            "collation": "en_US.UTF8",
            "deletion_policy": "DELETE",
            "id": "projects/my-hono-app-v2/instances/todo-api-db/databases/todoapp",
            "instance": "todo-api-db",
            "name": "todoapp",
            "project": "my-hono-app-v2",
            "self_link": "https://sqladmin.googleapis.com/sql/v1beta4/projects/my-hono-app-v2/instances/todo-api-db/databases/todoapp",
            "timeouts": null
          },
          "sensitive_attributes": [],
          "identity_schema_version": 0,
          "private": "eyJlMmJmYjczMC1lY2FhLTExZTYtOGY4OC0zNDM2M2JjN2M0YzAiOnsiY3JlYXRlIjoxMjAwMDAwMDAwMDAwLCJkZWxldGUiOjEyMDAwMDAwMDAwMDAsInVwZGF0ZSI6MTIwMDAwMDAwMDAwMH0sInNjaGVtYV92ZXJzaW9uIjoiMCJ9"
        }
      ]
    },
    {
      "module": "module.todo_api",
      "mode": "managed",
      "type": "google_sql_database_instance",
      "name": "todo_api_db",
      "provider": "provider[\"registry.terraform.io/hashicorp/google\"]",
      "instances": [
        {
          "schema_version": 0,
          "attributes": {
            "available_maintenance_versions": [],
            "clone": [],
            "connection_name": "my-hono-app-v2:asia-northeast1:todo-api-db",
            "database_version": "POSTGRES_16",
            "deletion_protection": true,
            "dns_name": "",
            "dns_names": [],
            "encryption_key_name": null,
            "first_ip_address": "136.110.118.99",
            "id": "todo-api-db",
            "instance_type": "CLOUD_SQL_INSTANCE",
            "ip_address": [
              {
                "ip_address": "136.110.118.99",
                "time_to_retire": "",
                "type": "PRIMARY"
              },
              {
                "ip_address": "34.146.255.106",
                "time_to_retire": "",
                "type": "OUTGOING"
              }
            ],
            "maintenance_version": "POSTGRES_16_15.R20260712.01_31",
            "master_instance_name": "",
            "name": "todo-api-db",
            "node_count": 0,
            "private_ip_address": "",
            "project": "my-hono-app-v2",
            "psc_service_attachment_link": "",
            "public_ip_address": "136.110.118.99",
            "region": "asia-northeast1",
            "replica_configuration": [],
            "replica_names": [],
            "replication_cluster": [
              {
                "dr_replica": false,
                "failover_dr_replica_name": "",
                "psa_write_endpoint": ""
              }
            ],
            "restore_backup_context": [],
            "root_password": null,
            "self_link": "https://sqladmin.googleapis.com/sql/v1beta4/projects/my-hono-app-v2/instances/todo-api-db",
            "server_ca_cert": [
              {
                "cert": "-----BEGIN CERTIFICATE-----\nMIIDcTCCAlmgAwIBAgIBADANBgkqhkiG9w0BAQsFADBwMS0wKwYDVQQuEyQ0MjM2\nM2Y3NS0yNmU1LTQ2NTktOWFiYi05NjVhMDFjNzM4YjIxHDAaBgNVBAMTE0Nsb3Vk\nIFNRTCBTZXJ2ZXIgQ0ExFDASBgNVBAoTC0dvb2dsZSwgSW5jMQswCQYDVQQGEwJV\nUzAeFw0yNjA5MjIxNDA3MjJaFw0zNjA5MTkxNDA4MjJaMHAxLTArBgNVBC4TJDQy\nMzYzZjc1LTI2ZTUtNDY1OS05YWJiLTk2NWEwMWM3MzhiMjEcMBoGA1UEAxMTQ2xv\ndWQgU1FMIFNlcnZlciBDQTEUMBIGA1UEChMLR29vZ2xlLCBJbmMxCzAJBgNVBAYT\nAlVTMIIBIjANBgkqhkiG9w0BAQEFAAOCAQ8AMIIBCgKCAQEArc+Z0Vp/cWdlk9mt\nvA6iFzeUznUJm5KB4k6lTcoVSM2l1OA6fjxBc8WfvKUOFkl27527lmCvauv0r5u9\nXCtbET7LE+Q65tNoS8NxcJDmwCM9gjXBRR+4r/HmVLdp41d7BoEij49RRA7UfhMZ\nZ5wJPn8Az1Ob//mABUlEwQeAlI0FNAmiFVXguDNSinxyPojHT4D7+cRShKJ2W8Ks\nfqql7NnR4Lohs6ivnCJHaVcW7In57wp4cPdm5sWaH8zGN//DoPVnqzLWxZwkP9b3\nLzfVoRSjbLZFa53n+wGyUd4eBOEBepx8Pt1JjfiPtMB2Olr4xvAHRJdu5F8IiEuG\n5AbIKQIDAQABoxYwFDASBgNVHRMBAf8ECDAGAQH/AgEAMA0GCSqGSIb3DQEBCwUA\nA4IBAQBmEes+iT5q5npk6Sef+471PL0NeNuZQONrAdMNqC53mR660e3GdPgpF9vX\n9OqqDpjr7AkhXyrOJ780tR6RwhB6rOaUVdnFt3iq5NorictRMP/3uTeD824cDHPZ\n8N3TJSWl2zBSq3AtudMKlBYiBTsd6Kr8vT6/qCVvVmCuf6SO+1fLJvKZX+8Bz6fG\nBpdPBC9LkpG/AgH1hKKEESLNsLA5fN2TutDw7jZO7/wiDETgb7GUa2KShZCQ1Wxe\nqxlwfZd+zisUEaOQXre71txlRIspW8SABhacJxrE5J6tK4znqJRv3gmZ2OaTEkFT\nJIJnrezr72x50nTKGZwHtVZmtSbn\n-----END CERTIFICATE-----",
                "common_name": "C=US,O=Google\\, Inc,CN=Cloud SQL Server CA,dnQualifier=42363f75-26e5-4659-9abb-965a01c738b2",
                "create_time": "2026-09-22T14:07:22.748Z",
                "expiration_time": "2036-09-19T14:08:22.748Z",
                "sha1_fingerprint": "483fda0e5a3f68f4e8bf8845493626621161f250"
              }
            ],
            "service_account_email_address": "p587456502513-r9vaam@gcp-sa-cloud-sql.iam.gserviceaccount.com",
            "settings": [
              {
                "activation_policy": "ALWAYS",
                "active_directory_config": [],
                "advanced_machine_features": [],
                "availability_type": "ZONAL",
                "backup_configuration": [
                  {
                    "backup_retention_settings": [
                      {
                        "retained_backups": 7,
                        "retention_unit": "COUNT"
                      }
                    ],
                    "binary_log_enabled": false,
                    "enabled": true,
                    "location": "",
                    "point_in_time_recovery_enabled": true,
                    "start_time": "18:00",
                    "transaction_log_retention_days": 7
                  }
                ],
                "collation": "",
                "connection_pool_config": [],
                "connector_enforcement": "NOT_REQUIRED",
                "data_cache_config": [
                  {
                    "data_cache_enabled": false
                  }
                ],
                "database_flags": [],
                "deletion_protection_enabled": false,
                "deny_maintenance_period": [],
                "disk_autoresize": true,
                "disk_autoresize_limit": 0,
                "disk_size": 10,
                "disk_type": "PD_HDD",
                "edition": "ENTERPRISE",
                "effective_availability_type": "ZONAL",
                "enable_dataplex_integration": false,
                "enable_google_ml_integration": false,
                "insights_config": [],
                "ip_configuration": [
                  {
                    "allocated_ip_range": "",
                    "authorized_networks": [],
                    "custom_subject_alternative_names": [],
                    "enable_private_path_for_google_cloud_services": false,
                    "ipv4_enabled": true,
                    "private_network": "",
                    "psc_config": [],
                    "server_ca_mode": "GOOGLE_MANAGED_INTERNAL_CA",
                    "server_ca_pool": "",
                    "ssl_mode": "ALLOW_UNENCRYPTED_AND_ENCRYPTED"
                  }
                ],
                "location_preference": [
                  {
                    "follow_gae_application": "",
                    "secondary_zone": "",
                    "zone": "asia-northeast1-c"
                  }
                ],
                "maintenance_window": [],
                "password_validation_policy": [],
                "pricing_plan": "PER_USE",
                "retain_backups_on_delete": false,
                "sql_server_audit_config": [],
                "tier": "db-f1-micro",
                "time_zone": "",
                "user_labels": {},
                "version": 13
              }
            ],
            "timeouts": null
          },
          "sensitive_attributes": [
            [
              {
                "type": "get_attr",
                "value": "root_password"
              }
            ],
            [
              {
                "type": "get_attr",
                "value": "server_ca_cert"
              }
            ]
          ],
          "identity_schema_version": 0,
          "private": "eyJlMmJmYjczMC1lY2FhLTExZTYtOGY4OC0zNDM2M2JjN2M0YzAiOnsiY3JlYXRlIjo1NDAwMDAwMDAwMDAwLCJkZWxldGUiOjU0MDAwMDAwMDAwMDAsInVwZGF0ZSI6NTQwMDAwMDAwMDAwMH19"
        }
      ]
    },
    {
      "module": "module.todo_api",
      "mode": "managed",
      "type": "google_sql_user",
      "name": "appuser",
      "provider": "provider[\"registry.terraform.io/hashicorp/google\"]",
      "instances": [
        {
          "schema_version": 1,
          "attributes": {
            "deletion_policy": null,
            "host": "",
            "id": "appuser//todo-api-db",
            "instance": "todo-api-db",
            "name": "appuser",
            "password": "1192Snow_ITO",
            "password_policy": [],
            "password_wo": null,
            "password_wo_version": null,
            "project": "my-hono-app-v2",
            "sql_server_user_details": [],
            "timeouts": null,
            "type": ""
          },
          "sensitive_attributes": [
            [
              {
                "type": "get_attr",
                "value": "password"
              }
            ]
          ],
          "identity_schema_version": 0,
          "private": "eyJlMmJmYjczMC1lY2FhLTExZTYtOGY4OC0zNDM2M2JjN2M0YzAiOnsiY3JlYXRlIjo2MDAwMDAwMDAwMDAsImRlbGV0ZSI6NjAwMDAwMDAwMDAwLCJ1cGRhdGUiOjYwMDAwMDAwMDAwMH0sInNjaGVtYV92ZXJzaW9uIjoiMSJ9"
        }
      ]
    }
  ],
  "check_results": null
}
